dependencies:
  espressif/esp-nn:
    component_hash: f4633a02f05fef53b80de65ade1f733ebdef637e4c8b8be4eb11f5e27f6d9f3e
    dependencies:
    - name: idf
      require: private
      version: '>=4.2'
    source:
      registry_url: https://components.espressif.com/
      type: service
    version: 1.1.2
  espressif/esp_jpeg:
    dependencies: []
    source:
      path: /home/andrej/birdhouse_server/managed_components/espressif__esp_jpeg
      type: local
    version: 1.3.1
  idf:
    source:
      type: idf
    version: 5.5.1
direct_dependencies:
- espressif/esp-nn
- espressif/esp_jpeg
- idf
manifest_hash: d865282a8209ee9b55dd51a431469e090ebf42f147e3f4183836fc77b5208e4f
target: esp32s3
version: 2.0.0
